
Microsoft Visual Studio Solution File, Format Version 12.00
# Visual Studio Version 17
VisualStudioVersion = 17.14.36511.14 d17.14
MinimumVisualStudioVersion = 10.0.40219.1
Project("{FAE04EC0-301F-11D3-BF4B-00C04F79EFBC}") = "StaticWebForSelenium", "StaticWebForSelenium.csproj", "{73967A7A-0A2F-4953-A8DC-D043F7AB906B}"
EndProject
Global
	GlobalSection(SolutionConfigurationPlatforms) = preSolution
		Debug|Any CPU = Debug|Any CPU
		Release|Any CPU = Release|Any CPU
	EndGlobalSection
	GlobalSection(ProjectConfigurationPlatforms) = postSolution
		{73967A7A-0A2F-4953-A8DC-D043F7AB906B}.Debug|Any CPU.ActiveCfg = Debug|Any CPU
		{73967A7A-0A2F-4953-A8DC-D043F7AB906B}.Debug|Any CPU.Build.0 = Debug|Any CPU
		{73967A7A-0A2F-4953-A8DC-D043F7AB906B}.Release|Any CPU.ActiveCfg = Release|Any CPU
		{73967A7A-0A2F-4953-A8DC-D043F7AB906B}.Release|Any CPU.Build.0 = Release|Any CPU
	EndGlobalSection
	GlobalSection(SolutionProperties) = preSolution
		HideSolutionNode = FALSE
	EndGlobalSection
	GlobalSection(ExtensibilityGlobals) = postSolution
		SolutionGuid = {463A301B-BB39-483A-AD62-FD6D29247A56}
	EndGlobalSection
EndGlobal
